
Microsoft Visual Studio Solution File, Format Version 12.00
# Visual Studio Version 17
VisualStudioVersion = 17.0.31825.309
MinimumVisualStudioVersion = 10.0.40219.1
Project("{FAE04EC0-301F-11D3-BF4B-00C04F79EFBC}") = "QlySpa", "QlySpa\QlySpa.csproj", "{7B513469-3E77-430A-94BF-664706B1EF85}"
EndProject
Global
	GlobalSection(SolutionConfigurationPlatforms) = preSolution
		Debug|Any CPU = Debug|Any CPU
		Release|Any CPU = Release|Any CPU
	EndGlobalSection
	GlobalSection(ProjectConfigurationPlatforms) = postSolution
		{7B513469-3E77-430A-94BF-664706B1EF85}.Debug|Any CPU.ActiveCfg = Debug|Any CPU
		{7B513469-3E77-430A-94BF-664706B1EF85}.Debug|Any CPU.Build.0 = Debug|Any CPU
		{7B513469-3E77-430A-94BF-664706B1EF85}.Release|Any CPU.ActiveCfg = Release|Any CPU
		{7B513469-3E77-430A-94BF-664706B1EF85}.Release|Any CPU.Build.0 = Release|Any CPU
	EndGlobalSection
	GlobalSection(SolutionProperties) = preSolution
		HideSolutionNode = FALSE
	EndGlobalSection
	GlobalSection(ExtensibilityGlobals) = postSolution
		SolutionGuid = {64911799-6978-48A0-B97C-2E94B2C8CE0F}
	EndGlobalSection
EndGlobal
